
Microsoft Visual Studio Solution File, Format Version 12.00
# Visual Studio Version 17
VisualStudioVersion = 17.5.33424.131
MinimumVisualStudioVersion = 10.0.40219.1
Project("{FAE04EC0-301F-11D3-BF4B-00C04F79EFBC}") = "gRPC.Unary.gRPCServer", "gRPC.Unary.gRPCServer\gRPC.Unary.gRPCServer.csproj", "{F747C655-E4AD-43CC-9846-FE37EA5D6D78}"
EndProject
Project("{FAE04EC0-301F-11D3-BF4B-00C04F79EFBC}") = "gRPC.Unary.gRPCClient", "gRPC.Unary.gRPCClient\gRPC.Unary.gRPCClient.csproj", "{33A0114D-BA0E-4442-8743-895CEE5C811F}"
EndProject
Global
	GlobalSection(SolutionConfigurationPlatforms) = preSolution
		Debug|Any CPU = Debug|Any CPU
		Release|Any CPU = Release|Any CPU
	EndGlobalSection
	GlobalSection(ProjectConfigurationPlatforms) = postSolution
		{F747C655-E4AD-43CC-9846-FE37EA5D6D78}.Debug|Any CPU.ActiveCfg = Debug|Any CPU
		{F747C655-E4AD-43CC-9846-FE37EA5D6D78}.Debug|Any CPU.Build.0 = Debug|Any CPU
		{F747C655-E4AD-43CC-9846-FE37EA5D6D78}.Release|Any CPU.ActiveCfg = Release|Any CPU
		{F747C655-E4AD-43CC-9846-FE37EA5D6D78}.Release|Any CPU.Build.0 = Release|Any CPU
		{33A0114D-BA0E-4442-8743-895CEE5C811F}.Debug|Any CPU.ActiveCfg = Debug|Any CPU
		{33A0114D-BA0E-4442-8743-895CEE5C811F}.Debug|Any CPU.Build.0 = Debug|Any CPU
		{33A0114D-BA0E-4442-8743-895CEE5C811F}.Release|Any CPU.ActiveCfg = Release|Any CPU
		{33A0114D-BA0E-4442-8743-895CEE5C811F}.Release|Any CPU.Build.0 = Release|Any CPU
	EndGlobalSection
	GlobalSection(SolutionProperties) = preSolution
		HideSolutionNode = FALSE
	EndGlobalSection
	GlobalSection(ExtensibilityGlobals) = postSolution
		SolutionGuid = {17F2794D-26CE-4ABC-AC02-E821DBC8311D}
	EndGlobalSection
EndGlobal
