
Microsoft Visual Studio Solution File, Format Version 12.00
# Visual Studio Version 17
VisualStudioVersion = 17.5.33414.496
MinimumVisualStudioVersion = 10.0.40219.1
Project("{9A19103F-16F7-4668-BE54-9A1E7A4F7556}") = "Sample.Api", "Sample.Api\Sample.Api.csproj", "{D3E54F91-B644-4206-9493-C029B59131DB}"
EndProject
Project("{9A19103F-16F7-4668-BE54-9A1E7A4F7556}") = "Sample.Contracts", "Sample.Contracts\Sample.Contracts.csproj", "{BAFF6F85-1222-407F-B942-8B73F92C58AB}"
EndProject
Project("{9A19103F-16F7-4668-BE54-9A1E7A4F7556}") = "Sample.Components", "Sample.Components\Sample.Components.csproj", "{D7DFCF5A-4A07-4142-8D01-290BFC961C4B}"
EndProject
Project("{9A19103F-16F7-4668-BE54-9A1E7A4F7556}") = "Sample.Service", "Sample.Service\Sample.Service.csproj", "{5C48663F-F02B-4CE8-A950-2FE78AD3B191}"
EndProject
Project("{9A19103F-16F7-4668-BE54-9A1E7A4F7556}") = "Sample.Components.Tests", "Sample.Components.Tests\Sample.Components.Tests.csproj", "{C629E126-E5C5-433D-9877-F0C9E55743EC}"
EndProject
Project("{2150E333-8FDC-42A3-9474-1A3956D46DE8}") = "Warehouse", "Warehouse", "{3D495938-47CF-4A53-8ED7-09EF4A634ACA}"
EndProject
Project("{9A19103F-16F7-4668-BE54-9A1E7A4F7556}") = "Warehouse.Contracts", "Warehouse.Contracts\Warehouse.Contracts.csproj", "{F8674E96-7D37-4D3D-AD46-147C8C18CA07}"
EndProject
Project("{9A19103F-16F7-4668-BE54-9A1E7A4F7556}") = "Warehouse.Service", "Warehouse.Service\Warehouse.Service.csproj", "{09216870-0F20-496C-8125-2EB22B4F6EAA}"
EndProject
Project("{9A19103F-16F7-4668-BE54-9A1E7A4F7556}") = "Warehouse.Components", "Warehouse.Components\Warehouse.Components.csproj", "{98338955-1FA6-4106-994C-E902B5F920A4}"
EndProject
Project("{9A19103F-16F7-4668-BE54-9A1E7A4F7556}") = "Sample.Quartz", "Sample.Quartz\Sample.Quartz.csproj", "{C6051D58-5EF6-4E7D-B1B3-95F5730DAA21}"
EndProject
Project("{2150E333-8FDC-42A3-9474-1A3956D46DE8}") = "Client", "Client", "{0465A70A-4191-498F-A73F-36335B8D57C8}"
EndProject
Project("{FAE04EC0-301F-11D3-BF4B-00C04F79EFBC}") = "Client.Console", "Client.Console\Client.Console.csproj", "{63CD00D3-9076-439C-B325-8273851C4963}"
EndProject
Global
	GlobalSection(SolutionConfigurationPlatforms) = preSolution
		Debug|Any CPU = Debug|Any CPU
		Release|Any CPU = Release|Any CPU
	EndGlobalSection
	GlobalSection(ProjectConfigurationPlatforms) = postSolution
		{D3E54F91-B644-4206-9493-C029B59131DB}.Debug|Any CPU.ActiveCfg = Debug|Any CPU
		{D3E54F91-B644-4206-9493-C029B59131DB}.Debug|Any CPU.Build.0 = Debug|Any CPU
		{D3E54F91-B644-4206-9493-C029B59131DB}.Release|Any CPU.ActiveCfg = Release|Any CPU
		{D3E54F91-B644-4206-9493-C029B59131DB}.Release|Any CPU.Build.0 = Release|Any CPU
		{BAFF6F85-1222-407F-B942-8B73F92C58AB}.Debug|Any CPU.ActiveCfg = Debug|Any CPU
		{BAFF6F85-1222-407F-B942-8B73F92C58AB}.Debug|Any CPU.Build.0 = Debug|Any CPU
		{BAFF6F85-1222-407F-B942-8B73F92C58AB}.Release|Any CPU.ActiveCfg = Release|Any CPU
		{BAFF6F85-1222-407F-B942-8B73F92C58AB}.Release|Any CPU.Build.0 = Release|Any CPU
		{D7DFCF5A-4A07-4142-8D01-290BFC961C4B}.Debug|Any CPU.ActiveCfg = Debug|Any CPU
		{D7DFCF5A-4A07-4142-8D01-290BFC961C4B}.Debug|Any CPU.Build.0 = Debug|Any CPU
		{D7DFCF5A-4A07-4142-8D01-290BFC961C4B}.Release|Any CPU.ActiveCfg = Release|Any CPU
		{D7DFCF5A-4A07-4142-8D01-290BFC961C4B}.Release|Any CPU.Build.0 = Release|Any CPU
		{5C48663F-F02B-4CE8-A950-2FE78AD3B191}.Debug|Any CPU.ActiveCfg = Debug|Any CPU
		{5C48663F-F02B-4CE8-A950-2FE78AD3B191}.Debug|Any CPU.Build.0 = Debug|Any CPU
		{5C48663F-F02B-4CE8-A950-2FE78AD3B191}.Release|Any CPU.ActiveCfg = Release|Any CPU
		{5C48663F-F02B-4CE8-A950-2FE78AD3B191}.Release|Any CPU.Build.0 = Release|Any CPU
		{C629E126-E5C5-433D-9877-F0C9E55743EC}.Debug|Any CPU.ActiveCfg = Debug|Any CPU
		{C629E126-E5C5-433D-9877-F0C9E55743EC}.Debug|Any CPU.Build.0 = Debug|Any CPU
		{C629E126-E5C5-433D-9877-F0C9E55743EC}.Release|Any CPU.ActiveCfg = Release|Any CPU
		{C629E126-E5C5-433D-9877-F0C9E55743EC}.Release|Any CPU.Build.0 = Release|Any CPU
		{F8674E96-7D37-4D3D-AD46-147C8C18CA07}.Debug|Any CPU.ActiveCfg = Debug|Any CPU
		{F8674E96-7D37-4D3D-AD46-147C8C18CA07}.Debug|Any CPU.Build.0 = Debug|Any CPU
		{F8674E96-7D37-4D3D-AD46-147C8C18CA07}.Release|Any CPU.ActiveCfg = Release|Any CPU
		{F8674E96-7D37-4D3D-AD46-147C8C18CA07}.Release|Any CPU.Build.0 = Release|Any CPU
		{09216870-0F20-496C-8125-2EB22B4F6EAA}.Debug|Any CPU.ActiveCfg = Debug|Any CPU
		{09216870-0F20-496C-8125-2EB22B4F6EAA}.Debug|Any CPU.Build.0 = Debug|Any CPU
		{09216870-0F20-496C-8125-2EB22B4F6EAA}.Release|Any CPU.ActiveCfg = Release|Any CPU
		{09216870-0F20-496C-8125-2EB22B4F6EAA}.Release|Any CPU.Build.0 = Release|Any CPU
		{98338955-1FA6-4106-994C-E902B5F920A4}.Debug|Any CPU.ActiveCfg = Debug|Any CPU
		{98338955-1FA6-4106-994C-E902B5F920A4}.Debug|Any CPU.Build.0 = Debug|Any CPU
		{98338955-1FA6-4106-994C-E902B5F920A4}.Release|Any CPU.ActiveCfg = Release|Any CPU
		{98338955-1FA6-4106-994C-E902B5F920A4}.Release|Any CPU.Build.0 = Release|Any CPU
		{C6051D58-5EF6-4E7D-B1B3-95F5730DAA21}.Debug|Any CPU.ActiveCfg = Debug|Any CPU
		{C6051D58-5EF6-4E7D-B1B3-95F5730DAA21}.Debug|Any CPU.Build.0 = Debug|Any CPU
		{C6051D58-5EF6-4E7D-B1B3-95F5730DAA21}.Release|Any CPU.ActiveCfg = Release|Any CPU
		{C6051D58-5EF6-4E7D-B1B3-95F5730DAA21}.Release|Any CPU.Build.0 = Release|Any CPU
		{63CD00D3-9076-439C-B325-8273851C4963}.Debug|Any CPU.ActiveCfg = Debug|Any CPU
		{63CD00D3-9076-439C-B325-8273851C4963}.Debug|Any CPU.Build.0 = Debug|Any CPU
		{63CD00D3-9076-439C-B325-8273851C4963}.Release|Any CPU.ActiveCfg = Release|Any CPU
		{63CD00D3-9076-439C-B325-8273851C4963}.Release|Any CPU.Build.0 = Release|Any CPU
	EndGlobalSection
	GlobalSection(SolutionProperties) = preSolution
		HideSolutionNode = FALSE
	EndGlobalSection
	GlobalSection(NestedProjects) = preSolution
		{F8674E96-7D37-4D3D-AD46-147C8C18CA07} = {3D495938-47CF-4A53-8ED7-09EF4A634ACA}
		{09216870-0F20-496C-8125-2EB22B4F6EAA} = {3D495938-47CF-4A53-8ED7-09EF4A634ACA}
		{98338955-1FA6-4106-994C-E902B5F920A4} = {3D495938-47CF-4A53-8ED7-09EF4A634ACA}
		{63CD00D3-9076-439C-B325-8273851C4963} = {0465A70A-4191-498F-A73F-36335B8D57C8}
	EndGlobalSection
	GlobalSection(ExtensibilityGlobals) = postSolution
		SolutionGuid = {EA968C25-7CED-4666-A920-57FFE4C2196B}
	EndGlobalSection
EndGlobal
