
Microsoft Visual Studio Solution File, Format Version 12.00
# Visual Studio Version 17
VisualStudioVersion = 17.5.33424.131
MinimumVisualStudioVersion = 10.0.40219.1
Project("{FAE04EC0-301F-11D3-BF4B-00C04F79EFBC}") = "LightMessagingCore.Common", "LightMessagingCore.Common\LightMessagingCore.Common.csproj", "{8960E836-5038-41B8-AD5C-80E1C8810619}"
EndProject
Project("{FAE04EC0-301F-11D3-BF4B-00C04F79EFBC}") = "LightMessagingCore.Messaging", "LightMessagingCore.Messaging\LightMessagingCore.Messaging.csproj", "{41F38221-6ACD-4A38-933B-46AB2020DD48}"
EndProject
Project("{FAE04EC0-301F-11D3-BF4B-00C04F79EFBC}") = "LightMessagingCore.OrderUI", "LightMessagingCore.OrderUI\LightMessagingCore.OrderUI.csproj", "{AFD76301-E205-42F5-88DC-063B0A282FE2}"
EndProject
Project("{FAE04EC0-301F-11D3-BF4B-00C04F79EFBC}") = "LightMessagingCore.OrderService", "LightMessagingCore.OrderService\LightMessagingCore.OrderService.csproj", "{111CB4D8-4AAF-472B-86E2-FB11A86230D1}"
EndProject
Global
	GlobalSection(SolutionConfigurationPlatforms) = preSolution
		Debug|Any CPU = Debug|Any CPU
		Release|Any CPU = Release|Any CPU
	EndGlobalSection
	GlobalSection(ProjectConfigurationPlatforms) = postSolution
		{8960E836-5038-41B8-AD5C-80E1C8810619}.Debug|Any CPU.ActiveCfg = Debug|Any CPU
		{8960E836-5038-41B8-AD5C-80E1C8810619}.Debug|Any CPU.Build.0 = Debug|Any CPU
		{8960E836-5038-41B8-AD5C-80E1C8810619}.Release|Any CPU.ActiveCfg = Release|Any CPU
		{8960E836-5038-41B8-AD5C-80E1C8810619}.Release|Any CPU.Build.0 = Release|Any CPU
		{41F38221-6ACD-4A38-933B-46AB2020DD48}.Debug|Any CPU.ActiveCfg = Debug|Any CPU
		{41F38221-6ACD-4A38-933B-46AB2020DD48}.Debug|Any CPU.Build.0 = Debug|Any CPU
		{41F38221-6ACD-4A38-933B-46AB2020DD48}.Release|Any CPU.ActiveCfg = Release|Any CPU
		{41F38221-6ACD-4A38-933B-46AB2020DD48}.Release|Any CPU.Build.0 = Release|Any CPU
		{AFD76301-E205-42F5-88DC-063B0A282FE2}.Debug|Any CPU.ActiveCfg = Debug|Any CPU
		{AFD76301-E205-42F5-88DC-063B0A282FE2}.Debug|Any CPU.Build.0 = Debug|Any CPU
		{AFD76301-E205-42F5-88DC-063B0A282FE2}.Release|Any CPU.ActiveCfg = Release|Any CPU
		{AFD76301-E205-42F5-88DC-063B0A282FE2}.Release|Any CPU.Build.0 = Release|Any CPU
		{111CB4D8-4AAF-472B-86E2-FB11A86230D1}.Debug|Any CPU.ActiveCfg = Debug|Any CPU
		{111CB4D8-4AAF-472B-86E2-FB11A86230D1}.Debug|Any CPU.Build.0 = Debug|Any CPU
		{111CB4D8-4AAF-472B-86E2-FB11A86230D1}.Release|Any CPU.ActiveCfg = Release|Any CPU
		{111CB4D8-4AAF-472B-86E2-FB11A86230D1}.Release|Any CPU.Build.0 = Release|Any CPU
	EndGlobalSection
	GlobalSection(SolutionProperties) = preSolution
		HideSolutionNode = FALSE
	EndGlobalSection
	GlobalSection(ExtensibilityGlobals) = postSolution
		SolutionGuid = {7E4F85F6-8F12-4542-8D10-144501F2E2D1}
	EndGlobalSection
EndGlobal
